# This file is automatically @generated by Cargo.
# It is not intended for manual editing.
version = 4

[[package]]
name = "ease"
version = "0.2.0"
dependencies = [
 "glam",
]

[[package]]
name = "glam"
version = "0.32.0"
source = "registry+https://github.com/rust-lang/crates.io-index"
checksum = "34627c5158214743a374170fed714833fdf4e4b0cbcc1ea98417866a4c5d4441"
